# This file is automatically @generated by Cargo.
# It is not intended for manual editing.
version = 3

[[package]]
name = "bitflags"
version = "1.3.2"
source = "registry+https://github.com/rust-lang/crates.io-index"
checksum = "bef38d45163c2f1dde094a7dfd33ccf595c92905c8f8f4fdc18d06fb1037718a"

[[package]]
name = "bumpalo"
version = "3.15.2"
source = "registry+https://github.com/rust-lang/crates.io-index"
checksum = "a3b1be7772ee4501dba05acbe66bb1e8760f6a6c474a36035631638e4415f130"

[[package]]
name = "cfg-if"
version = "1.0.0"
source = "registry+https://github.com/rust-lang/crates.io-index"
checksum = "baf1de4339761588bc0619e3cbc0120ee582ebb74b53b4efbf79117bd2da40fd"

[[package]]
name = "crossbeam-deque"
version = "0.8.5"
source = "registry+https://github.com/rust-lang/crates.io-index"
checksum = "613f8cc01fe9cf1a3eb3d7f488fd2fa8388403e97039e2f73692932e291a770d"
dependencies = [
 "crossbeam-epoch",
 "crossbeam-utils",
]

[[package]]
name = "crossbeam-epoch"
version = "0.9.18"
source = "registry+https://github.com/rust-lang/crates.io-index"
checksum = "5b82ac4a3c2ca9c3460964f020e1402edd5753411d7737aa39c3714ad1b5420e"
dependencies = [
 "crossbeam-utils",
]

[[package]]
name = "crossbeam-utils"
version = "0.8.19"
source = "registry+https://github.com/rust-lang/crates.io-index"
checksum = "248e3bacc7dc6baa3b21e405ee045c3047101a49145e7e9eca583ab4c2ca5345"

[[package]]
name = "either"
version = "1.10.0"
source = "registry+https://github.com/rust-lang/crates.io-index"
checksum = "11157ac094ffbdde99aa67b23417ebdd801842852b500e395a45a9c0aac03e4a"

[[package]]
name = "flatbuffers"
version = "22.12.6"
source = "registry+https://github.com/rust-lang/crates.io-index"
checksum = "5ae1bfc84d904f75e7ef6f8796b020c606a9e8e271e2004c0a74f7edeedba45f"
dependencies = [
 "bitflags",
 "rustc_version",
]

[[package]]
name = "libm"
version = "0.2.8"
source = "registry+https://github.com/rust-lang/crates.io-index"
checksum = "4ec2a862134d2a7d32d7983ddcdd1c4923530833c9f2ea1a44fc5fa473989058"

[[package]]
name = "log"
version = "0.4.20"
source = "registry+https://github.com/rust-lang/crates.io-index"
checksum = "b5e6163cb8c49088c2c36f57875e58ccd8c87c7427f7fbd50ea6710b2f3f2e8f"

[[package]]
name = "ocrs"
version = "0.4.0"
source = "registry+https://github.com/rust-lang/crates.io-index"
checksum = "dfd2f495d2171a0e9eb972c2a8568b2dca7d56777e6ec7e54f974f36b532c340"
dependencies = [
 "rayon",
 "rten",
 "rten-imageproc",
 "rten-tensor",
 "wasm-bindgen",
]

[[package]]
name = "once_cell"
version = "1.19.0"
source = "registry+https://github.com/rust-lang/crates.io-index"
checksum = "3fdb12b2476b595f9358c5161aa467c2438859caa136dec86c26fdd2efe17b92"

[[package]]
name = "proc-macro2"
version = "1.0.78"
source = "registry+https://github.com/rust-lang/crates.io-index"
checksum = "e2422ad645d89c99f8f3e6b88a9fdeca7fabeac836b1002371c4367c8f984aae"
dependencies = [
 "unicode-ident",
]

[[package]]
name = "quote"
version = "1.0.35"
source = "registry+https://github.com/rust-lang/crates.io-index"
checksum = "291ec9ab5efd934aaf503a6466c5d5251535d108ee747472c3977cc5acc868ef"
dependencies = [
 "proc-macro2",
]

[[package]]
name = "rayon"
version = "1.8.1"
source = "registry+https://github.com/rust-lang/crates.io-index"
checksum = "fa7237101a77a10773db45d62004a272517633fbcc3df19d96455ede1122e051"
dependencies = [
 "either",
 "rayon-core",
]

[[package]]
name = "rayon-core"
version = "1.12.1"
source = "registry+https://github.com/rust-lang/crates.io-index"
checksum = "1465873a3dfdaa8ae7cb14b4383657caab0b3e8a0aa9ae8e04b044854c8dfce2"
dependencies = [
 "crossbeam-deque",
 "crossbeam-utils",
]

[[package]]
name = "rten"
version = "0.3.1"
source = "registry+https://github.com/rust-lang/crates.io-index"
checksum = "67842141586c527d25547bbd81ccfd60601940281a792bce14a3f72dc15a3fec"
dependencies = [
 "flatbuffers",
 "libm",
 "rayon",
 "rten-tensor",
 "rten-vecmath",
 "smallvec",
 "wasm-bindgen",
]

[[package]]
name = "rten-imageproc"
version = "0.3.0"
source = "registry+https://github.com/rust-lang/crates.io-index"
checksum = "d9ceab28b8dcb8925ebc6e51f0038fd16e1cd68229e596eadef826ec7794747f"
dependencies = [
 "rten-tensor",
]

[[package]]
name = "rten-tensor"
version = "0.3.0"
source = "registry+https://github.com/rust-lang/crates.io-index"
checksum = "b00a55ca04d3219957737f87a9fc3f6eee6770e1f1643c2094c032c90c43f0d2"
dependencies = [
 "smallvec",
]

[[package]]
name = "rten-vecmath"
version = "0.3.0"
source = "registry+https://github.com/rust-lang/crates.io-index"
checksum = "1ae896b8b5bea024dab45f9c8ee71051dfbf2a20a83b0e4e48cea5c4e7096e84"

[[package]]
name = "rustc_version"
version = "0.4.0"
source = "registry+https://github.com/rust-lang/crates.io-index"
checksum = "bfa0f585226d2e68097d4f95d113b15b83a82e819ab25717ec0590d9584ef366"
dependencies = [
 "semver",
]

[[package]]
name = "semver"
version = "1.0.22"
source = "registry+https://github.com/rust-lang/crates.io-index"
checksum = "92d43fe69e652f3df9bdc2b85b2854a0825b86e4fb76bc44d945137d053639ca"

[[package]]
name = "smallvec"
version = "1.13.1"
source = "registry+https://github.com/rust-lang/crates.io-index"
checksum = "e6ecd384b10a64542d77071bd64bd7b231f4ed5940fba55e98c3de13824cf3d7"

[[package]]
name = "syllabus_scraper"
version = "0.1.0"
dependencies = [
 "ocrs",
]

[[package]]
name = "syn"
version = "2.0.50"
source = "registry+https://github.com/rust-lang/crates.io-index"
checksum = "74f1bdc9872430ce9b75da68329d1c1746faf50ffac5f19e02b71e37ff881ffb"
dependencies = [
 "proc-macro2",
 "quote",
 "unicode-ident",
]

[[package]]
name = "unicode-ident"
version = "1.0.12"
source = "registry+https://github.com/rust-lang/crates.io-index"
checksum = "3354b9ac3fae1ff6755cb6db53683adb661634f67557942dea4facebec0fee4b"

[[package]]
name = "wasm-bindgen"
version = "0.2.91"
source = "registry+https://github.com/rust-lang/crates.io-index"
checksum = "c1e124130aee3fb58c5bdd6b639a0509486b0338acaaae0c84a5124b0f588b7f"
dependencies = [
 "cfg-if",
 "wasm-bindgen-macro",
]

[[package]]
name = "wasm-bindgen-backend"
version = "0.2.91"
source = "registry+https://github.com/rust-lang/crates.io-index"
checksum = "c9e7e1900c352b609c8488ad12639a311045f40a35491fb69ba8c12f758af70b"
dependencies = [
 "bumpalo",
 "log",
 "once_cell",
 "proc-macro2",
 "quote",
 "syn",
 "wasm-bindgen-shared",
]

[[package]]
name = "wasm-bindgen-macro"
version = "0.2.91"
source = "registry+https://github.com/rust-lang/crates.io-index"
checksum = "b30af9e2d358182b5c7449424f017eba305ed32a7010509ede96cdc4696c46ed"
dependencies = [
 "quote",
 "wasm-bindgen-macro-support",
]

[[package]]
name = "wasm-bindgen-macro-support"
version = "0.2.91"
source = "registry+https://github.com/rust-lang/crates.io-index"
checksum = "642f325be6301eb8107a83d12a8ac6c1e1c54345a7ef1a9261962dfefda09e66"
dependencies = [
 "proc-macro2",
 "quote",
 "syn",
 "wasm-bindgen-backend",
 "wasm-bindgen-shared",
]

[[package]]
name = "wasm-bindgen-shared"
version = "0.2.91"
source = "registry+https://github.com/rust-lang/crates.io-index"
checksum = "4f186bd2dcf04330886ce82d6f33dd75a7bfcf69ecf5763b89fcde53b6ac9838"
